// !$*UTF8*$!
{
	archiveVersion = 1;
	classes = {
	};
	objectVersion = 46;
	objects = {

/* Begin PBXBuildFile section */
		FA9903931E3E4B2100817F57 /* AppDelegate.swift in Sources */ = {isa = PBXBuildFile; fileRef = FA9903921E3E4B2100817F57 /* AppDelegate.swift */; };
		FA9903951E3E4B2100817F57 /* ViewController.swift in Sources */ = {isa = PBXBuildFile; fileRef = FA9903941E3E4B2100817F57 /* ViewController.swift */; };
		FA9903981E3E4B2100817F57 /* Main.storyboard in Resources */ = {isa = PBXBuildFile; fileRef = FA9903961E3E4B2100817F57 /* Main.storyboard */; };
		FA99039A1E3E4B2100817F57 /* Assets.xcassets in Resources */ = {isa = PBXBuildFile; fileRef = FA9903991E3E4B2100817F57 /* Assets.xcassets */; };
		FA99039D1E3E4B2100817F57 /* LaunchScreen.storyboard in Resources */ = {isa = PBXBuildFile; fileRef = FA99039B1E3E4B2100817F57 /* LaunchScreen.storyboard */; };
/* End PBXBuildFile section */

/* Begin PBXFileReference section */
		FA99038F1E3E4B2100817F57 /* reMIND.app */ = {isa = PBXFileReference; explicitFileType = wrapper.application; includeInIndex = 0; path = reMIND.app; sourceTree = BUILT_PRODUCTS_DIR; };
		FA9903921E3E4B2100817F57 /* AppDelegate.swift */ = {isa = PBXFileReference; lastKnownFileType = sourcecode.swift; path = AppDelegate.swift; sourceTree = "<group>"; };
		FA9903941E3E4B2100817F57 /* ViewController.swift */ = {isa = PBXFileReference; lastKnownFileType = sourcecode.swift; path = ViewController.swift; sourceTree = "<group>"; };
		FA9903971E3E4B2100817F57 /* Base */ = {isa = PBXFileReference; lastKnownFileType = file.storyboard; name = Base; path = Base.lproj/Main.storyboard; sourceTree = "<group>"; };
		FA9903991E3E4B2100817F57 /* Assets.xcassets */ = {isa = PBXFileReference; lastKnownFileType = folder.assetcatalog; path = Assets.xcassets; sourceTree = "<group>"; };
		FA99039C1E3E4B2100817F57 /* Base */ = {isa = PBXFileReference; lastKnownFileType = file.storyboard; name = Base; path = Base.lproj/LaunchScreen.storyboard; sourceTree = "<group>"; };
		FA99039E1E3E4B2100817F57 /* Info.plist */ = {isa = PBXFileReference; lastKnownFileType = text.plist.xml; path = Info.plist; sourceTree = "<group>"; };
/* End PBXFileReference section */

/* Begin PBXFrameworksBuildPhase section */
		FA99038C1E3E4B2100817F57 /* Frameworks */ = {
			isa = PBXFrameworksBuildPhase;
			buildActionMask = 2147483647;
			files = (
			);
			runOnlyForDeploymentPostprocessing = 0;
		};
/* End PBXFrameworksBuildPhase section */

/* Begin PBXGroup section */
		FA9903861E3E4B2100817F57 = {
			isa = PBXGroup;
			children = (
				FA9903911E3E4B2100817F57 /* reMIND */,
				FA9903901E3E4B2100817F57 /* Products */,
			);
			sourceTree = "<group>";
		};
		FA9903901E3E4B2100817F57 /* Products */ = {
			isa = PBXGroup;
			children = (
				FA99038F1E3E4B2100817F57 /* reMIND.app */,
			);
			name = Products;
			sourceTree = "<group>";
		};
		FA9903911E3E4B2100817F57 /* reMIND */ = {
			isa = PBXGroup;
			children = (
				FA9903921E3E4B2100817F57 /* AppDelegate.swift */,
				FA9903941E3E4B2100817F57 /* ViewController.swift */,
				FA9903961E3E4B2100817F57 /* Main.storyboard */,
				FA9903991E3E4B2100817F57 /* Assets.xcassets */,
				FA99039B1E3E4B2100817F57 /* LaunchScreen.storyboard */,
				FA99039E1E3E4B2100817F57 /* Info.plist */,
			);
			path = reMIND;
			sourceTree = "<group>";
		};
/* End PBXGroup section */

/* Begin PBXNativeTarget section */
		FA99038E1E3E4B2100817F57 /* reMIND */ = {
			isa = PBXNativeTarget;
			buildConfigurationList = FA9903A11E3E4B2100817F57 /* Build configuration list for PBXNativeTarget "reMIND" */;
			buildPhases = (
				FA99038B1E3E4B2100817F57 /* Sources */,
				FA99038C1E3E4B2100817F57 /* Frameworks */,
				FA99038D1E3E4B2100817F57 /* Resources */,
			);
			buildRules = (
			);
			dependencies = (
			);
			name = reMIND;
			productName = reMIND;
			productReference = FA99038F1E3E4B2100817F57 /* reMIND.app */;
			productType = "com.apple.product-type.application";
		};
/* End PBXNativeTarget section */

/* Begin PBXProject section */
		FA9903871E3E4B2100817F57 /* Project object */ = {
			isa = PBXProject;
			attributes = {
				LastSwiftUpdateCheck = 0820;
				LastUpgradeCheck = 0820;
				ORGANIZATIONNAME = "Juan Manuel Jimenez Sanchez";
				TargetAttributes = {
					FA99038E1E3E4B2100817F57 = {
						CreatedOnToolsVersion = 8.2.1;
						ProvisioningStyle = Automatic;
					};
				};
			};
			buildConfigurationList = FA99038A1E3E4B2100817F57 /* Build configuration list for PBXProject "reMIND" */;
			compatibilityVersion = "Xcode 3.2";
			developmentRegion = English;
			hasScannedForEncodings = 0;
			knownRegions = (
				en,
				Base,
			);
			mainGroup = FA9903861E3E4B2100817F57;
			productRefGroup = FA9903901E3E4B2100817F57 /* Products */;
			projectDirPath = "";
			projectRoot = "";
			targets = (
				FA99038E1E3E4B2100817F57 /* reMIND */,
			);
		};
/* End PBXProject section */

/* Begin PBXResourcesBuildPhase section */
		FA99038D1E3E4B2100817F57 /* Resources */ = {
			isa = PBXResourcesBuildPhase;
			buildActionMask = 2147483647;
			files = (
				FA99039D1E3E4B2100817F57 /* LaunchScreen.storyboard in Resources */,
				FA99039A1E3E4B2100817F57 /* Assets.xcassets in Resources */,
				FA9903981E3E4B2100817F57 /* Main.storyboard in Resources */,
			);
			runOnlyForDeploymentPostprocessing = 0;
		};
/* End PBXResourcesBuildPhase section */

/* Begin PBXSourcesBuildPhase section */
		FA99038B1E3E4B2100817F57 /* Sources */ = {
			isa = PBXSourcesBuildPhase;
			buildActionMask = 2147483647;
			files = (
				FA9903951E3E4B2100817F57 /* ViewController.swift in Sources */,
				FA9903931E3E4B2100817F57 /* AppDelegate.swift in Sources */,
			);
			runOnlyForDeploymentPostprocessing = 0;
		};
/* End PBXSourcesBuildPhase section */

/* Begin PBXVariantGroup section */
		FA9903961E3E4B2100817F57 /* Main.storyboard */ = {
			isa = PBXVariantGroup;
			children = (
				FA9903971E3E4B2100817F57 /* Base */,
			);
			name = Main.storyboard;
			sourceTree = "<group>";
		};
		FA99039B1E3E4B2100817F57 /* LaunchScreen.storyboard */ = {
			isa = PBXVariantGroup;
			children = (
				FA99039C1E3E4B2100817F57 /* Base */,
			);
			name = LaunchScreen.storyboard;
			sourceTree = "<group>";
		};
/* End PBXVariantGroup section */

/* Begin XCBuildConfiguration section */
		FA99039F1E3E4B2100817F57 /* Debug */ = {
			isa = XCBuildConfiguration;
			buildSettings = {
				ALWAYS_SEARCH_USER_PATHS = NO;
				CLANG_ANALYZER_NONNULL = YES;
				CLANG_CXX_LANGUAGE_STANDARD = "gnu++0x";
				CLANG_CXX_LIBRARY = "libc++";
				CLANG_ENABLE_MODULES = YES;
				CLANG_ENABLE_OBJC_ARC = YES;
				CLANG_WARN_BOOL_CONVERSION = YES;
				CLANG_WARN_CONSTANT_CONVERSION = YES;
				CLANG_WARN_DIRECT_OBJC_ISA_USAGE = YES_ERROR;
				CLANG_WARN_DOCUMENTATION_COMMENTS = YES;
				CLANG_WARN_EMPTY_BODY = YES;
				CLANG_WARN_ENUM_CONVERSION = YES;
				CLANG_WARN_INFINITE_RECURSION = YES;
				CLANG_WARN_INT_CONVERSION = YES;
				CLANG_WARN_OBJC_ROOT_CLASS = YES_ERROR;
				CLANG_WARN_SUSPICIOUS_MOVE = YES;
				CLANG_WARN_UNREACHABLE_CODE = YES;
				CLANG_WARN__DUPLICATE_METHOD_MATCH = YES;
				"CODE_SIGN_IDENTITY[sdk=iphoneos*]" = "iPhone Developer";
				COPY_PHASE_STRIP = NO;
				DEBUG_INFORMATION_FORMAT = dwarf;
				ENABLE_STRICT_OBJC_MSGSEND = YES;
				ENABLE_TESTABILITY = YES;
				GCC_C_LANGUAGE_STANDARD = gnu99;
				GCC_DYNAMIC_NO_PIC = NO;
				GCC_NO_COMMON_BLOCKS = YES;
				GCC_OPTIMIZATION_LEVEL = 0;
				GCC_PREPROCESSOR_DEFINITIONS = (
					"DEBUG=1",
					"$(inherited)",
				);
				GCC_WARN_64_TO_32_BIT_CONVERSION = YES;
				GCC_WARN_ABOUT_RETURN_TYPE = YES_ERROR;
				GCC_WARN_UNDECLARED_SELECTOR = YES;
				GCC_WARN_UNINITIALIZED_AUTOS = YES_AGGRESSIVE;
				GCC_WARN_UNUSED_FUNCTION = YES;
				GCC_WARN_UNUSED_VARIABLE = YES;
				IPHONEOS_DEPLOYMENT_TARGET = 10.2;
				MTL_ENABLE_DEBUG_INFO = YES;
				ONLY_ACTIVE_ARCH = YES;
				SDKROOT = iphoneos;
				SWIFT_ACTIVE_COMPILATION_CONDITIONS = DEBUG;
				SWIFT_OPTIMIZATION_LEVEL = "-Onone";
			};
			name = Debug;
		};
		FA9903A01E3E4B2100817F57 /* Release */ = {
			isa = XCBuildConfiguration;
			buildSettings = {
				ALWAYS_SEARCH_USER_PATHS = NO;
				CLANG_ANALYZER_NONNULL = YES;
				CLANG_CXX_LANGUAGE_STANDARD = "gnu++0x";
				CLANG_CXX_LIBRARY = "libc++";
				CLANG_ENABLE_MODULES = YES;
				CLANG_ENABLE_OBJC_ARC = YES;
				CLANG_WARN_BOOL_CONVERSION = YES;
				CLANG_WARN_CONSTANT_CONVERSION = YES;
				CLANG_WARN_DIRECT_OBJC_ISA_USAGE = YES_ERROR;
				CLANG_WARN_DOCUMENTATION_COMMENTS = YES;
				CLANG_WARN_EMPTY_BODY = YES;
				CLANG_WARN_ENUM_CONVERSION = YES;
				CLANG_WARN_INFINITE_RECURSION = YES;
				CLANG_WARN_INT_CONVERSION = YES;
				CLANG_WARN_OBJC_ROOT_CLASS = YES_ERROR;
				CLANG_WARN_SUSPICIOUS_MOVE = YES;
				CLANG_WARN_UNREACHABLE_CODE = YES;
				CLANG_WARN__DUPLICATE_METHOD_MATCH = YES;
				"CODE_SIGN_IDENTITY[sdk=iphoneos*]" = "iPhone Developer";
				COPY_PHASE_STRIP = NO;
				DEBUG_INFORMATION_FORMAT = "dwarf-with-dsym";
				ENABLE_NS_ASSERTIONS = NO;
				ENABLE_STRICT_OBJC_MSGSEND = YES;
				GCC_C_LANGUAGE_STANDARD = gnu99;
				GCC_NO_COMMON_BLOCKS = YES;
				GCC_WARN_64_TO_32_BIT_CONVERSION = YES;
				GCC_WARN_ABOUT_RETURN_TYPE = YES_ERROR;
				GCC_WARN_UNDECLARED_SELECTOR = YES;
				GCC_WARN_UNINITIALIZED_AUTOS = YES_AGGRESSIVE;
				GCC_WARN_UNUSED_FUNCTION = YES;
				GCC_WARN_UNUSED_VARIABLE = YES;
				IPHONEOS_DEPLOYMENT_TARGET = 10.2;
				MTL_ENABLE_DEBUG_INFO = NO;
				SDKROOT = iphoneos;
				SWIFT_OPTIMIZATION_LEVEL = "-Owholemodule";
				VALIDATE_PRODUCT = YES;
			};
			name = Release;
		};
		FA9903A21E3E4B2100817F57 /* Debug */ = {
			isa = XCBuildConfiguration;
			buildSettings = {
				ASSETCATALOG_COMPILER_APPICON_NAME = AppIcon;
				INFOPLIST_FILE = reMIND/Info.plist;
				LD_RUNPATH_SEARCH_PATHS = "$(inherited) @executable_path/Frameworks";
				PRODUCT_BUNDLE_IDENTIFIER = com.juanmjimenezs.reMIND;
				PRODUCT_NAME = "$(TARGET_NAME)";
				SWIFT_VERSION = 3.0;
			};
			name = Debug;
		};
		FA9903A31E3E4B2100817F57 /* Release */ = {
			isa = XCBuildConfiguration;
			buildSettings = {
				ASSETCATALOG_COMPILER_APPICON_NAME = AppIcon;
				INFOPLIST_FILE = reMIND/Info.plist;
				LD_RUNPATH_SEARCH_PATHS = "$(inherited) @executable_path/Frameworks";
				PRODUCT_BUNDLE_IDENTIFIER = com.juanmjimenezs.reMIND;
				PRODUCT_NAME = "$(TARGET_NAME)";
				SWIFT_VERSION = 3.0;
			};
			name = Release;
		};
/* End XCBuildConfiguration section */

/* Begin XCConfigurationList section */
		FA99038A1E3E4B2100817F57 /* Build configuration list for PBXProject "reMIND" */ = {
			isa = XCConfigurationList;
			buildConfigurations = (
				FA99039F1E3E4B2100817F57 /* Debug */,
				FA9903A01E3E4B2100817F57 /* Release */,
			);
			defaultConfigurationIsVisible = 0;
			defaultConfigurationName = Release;
		};
		FA9903A11E3E4B2100817F57 /* Build configuration list for PBXNativeTarget "reMIND" */ = {
			isa = XCConfigurationList;
			buildConfigurations = (
				FA9903A21E3E4B2100817F57 /* Debug */,
				FA9903A31E3E4B2100817F57 /* Release */,
			);
			defaultConfigurationIsVisible = 0;
		};
/* End XCConfigurationList section */
	};
	rootObject = FA9903871E3E4B2100817F57 /* Project object */;
}
